
Microsoft Visual Studio Solution File, Format Version 12.00
# Visual Studio Version 17
VisualStudioVersion = 17.0.31903.59
MinimumVisualStudioVersion = 10.0.40219.1
Project("{2150E333-8FDC-42A3-9474-1A3956D46DE8}") = "src", "src", "{3A033038-1AFA-4E99-94A6-7F2A025C45EB}"
EndProject
Project("{FAE04EC0-301F-11D3-BF4B-00C04F79EFBC}") = "RateLimiter.Core", "src\RateLimiter.Core\RateLimiter.Core.csproj", "{633A1325-A5E9-4E00-AB17-761F4557F866}"
EndProject
Project("{FAE04EC0-301F-11D3-BF4B-00C04F79EFBC}") = "RateLimiter.Api", "src\RateLimiter.Api\RateLimiter.Api.csproj", "{20E31D70-FC5A-4DDF-AC3E-614209E375F2}"
EndProject
Project("{2150E333-8FDC-42A3-9474-1A3956D46DE8}") = "tests", "tests", "{12412219-44EB-4AF9-A936-4EE8ECDE797A}"
EndProject
Project("{FAE04EC0-301F-11D3-BF4B-00C04F79EFBC}") = "RateLimiter.Core.Tests", "tests\RateLimiter.Core.Tests\RateLimiter.Core.Tests.csproj", "{21094132-CF5C-4EFE-A5F5-AF16ACFF2DD6}"
EndProject
Global
	GlobalSection(SolutionConfigurationPlatforms) = preSolution
		Debug|Any CPU = Debug|Any CPU
		Release|Any CPU = Release|Any CPU
	EndGlobalSection
	GlobalSection(SolutionProperties) = preSolution
		HideSolutionNode = FALSE
	EndGlobalSection
	GlobalSection(ProjectConfigurationPlatforms) = postSolution
		{633A1325-A5E9-4E00-AB17-761F4557F866}.Debug|Any CPU.ActiveCfg = Debug|Any CPU
		{633A1325-A5E9-4E00-AB17-761F4557F866}.Debug|Any CPU.Build.0 = Debug|Any CPU
		{633A1325-A5E9-4E00-AB17-761F4557F866}.Release|Any CPU.ActiveCfg = Release|Any CPU
		{633A1325-A5E9-4E00-AB17-761F4557F866}.Release|Any CPU.Build.0 = Release|Any CPU
		{20E31D70-FC5A-4DDF-AC3E-614209E375F2}.Debug|Any CPU.ActiveCfg = Debug|Any CPU
		{20E31D70-FC5A-4DDF-AC3E-614209E375F2}.Debug|Any CPU.Build.0 = Debug|Any CPU
		{20E31D70-FC5A-4DDF-AC3E-614209E375F2}.Release|Any CPU.ActiveCfg = Release|Any CPU
		{20E31D70-FC5A-4DDF-AC3E-614209E375F2}.Release|Any CPU.Build.0 = Release|Any CPU
		{21094132-CF5C-4EFE-A5F5-AF16ACFF2DD6}.Debug|Any CPU.ActiveCfg = Debug|Any CPU
		{21094132-CF5C-4EFE-A5F5-AF16ACFF2DD6}.Debug|Any CPU.Build.0 = Debug|Any CPU
		{21094132-CF5C-4EFE-A5F5-AF16ACFF2DD6}.Release|Any CPU.ActiveCfg = Release|Any CPU
		{21094132-CF5C-4EFE-A5F5-AF16ACFF2DD6}.Release|Any CPU.Build.0 = Release|Any CPU
	EndGlobalSection
	GlobalSection(NestedProjects) = preSolution
		{633A1325-A5E9-4E00-AB17-761F4557F866} = {3A033038-1AFA-4E99-94A6-7F2A025C45EB}
		{20E31D70-FC5A-4DDF-AC3E-614209E375F2} = {3A033038-1AFA-4E99-94A6-7F2A025C45EB}
		{21094132-CF5C-4EFE-A5F5-AF16ACFF2DD6} = {12412219-44EB-4AF9-A936-4EE8ECDE797A}
	EndGlobalSection
EndGlobal
